// !$*UTF8*$!
{
	archiveVersion = 1;
	classes = {
	};
	objectVersion = 52;
	objects = {

/* Begin PBXBuildFile section */
		66B6C93A254092490035F2E6 /* DataManager.swift in Sources */ = {isa = PBXBuildFile; fileRef = 66B6C939254092490035F2E6 /* DataManager.swift */; };
		66B6C93D2540959D0035F2E6 /* KeychainSwift in Frameworks */ = {isa = PBXBuildFile; productRef = 66B6C93C2540959D0035F2E6 /* KeychainSwift */; };
		66B6C94025409A110035F2E6 /* Alamofire in Frameworks */ = {isa = PBXBuildFile; productRef = 66B6C93F25409A110035F2E6 /* Alamofire */; };
		66DEA96725407191007C71D8 /* AppDelegate.swift in Sources */ = {isa = PBXBuildFile; fileRef = 66DEA96625407191007C71D8 /* AppDelegate.swift */; };
		66DEA97025407194007C71D8 /* Assets.xcassets in Resources */ = {isa = PBXBuildFile; fileRef = 66DEA96F25407194007C71D8 /* Assets.xcassets */; };
		66DEA97325407194007C71D8 /* LaunchScreen.storyboard in Resources */ = {isa = PBXBuildFile; fileRef = 66DEA97125407194007C71D8 /* LaunchScreen.storyboard */; };
		66DEA98025407487007C71D8 /* HomeViewController.swift in Sources */ = {isa = PBXBuildFile; fileRef = 66DEA97F25407487007C71D8 /* HomeViewController.swift */; };
		66DEA98225407495007C71D8 /* SettingViewController.swift in Sources */ = {isa = PBXBuildFile; fileRef = 66DEA98125407495007C71D8 /* SettingViewController.swift */; };
		66DEA9872540792B007C71D8 /* LoginViewController.swift in Sources */ = {isa = PBXBuildFile; fileRef = 66DEA9862540792B007C71D8 /* LoginViewController.swift */; };
		66DEA98925407D22007C71D8 /* LoginViewModel.swift in Sources */ = {isa = PBXBuildFile; fileRef = 66DEA98825407D22007C71D8 /* LoginViewModel.swift */; };
/* End PBXBuildFile section */

/* Begin PBXFileReference section */
		66B6C939254092490035F2E6 /* DataManager.swift */ = {isa = PBXFileReference; lastKnownFileType = sourcecode.swift; path = DataManager.swift; sourceTree = "<group>"; };
		66DEA96325407191007C71D8 /* Test.app */ = {isa = PBXFileReference; explicitFileType = wrapper.application; includeInIndex = 0; path = Test.app; sourceTree = BUILT_PRODUCTS_DIR; };
		66DEA96625407191007C71D8 /* AppDelegate.swift */ = {isa = PBXFileReference; lastKnownFileType = sourcecode.swift; path = AppDelegate.swift; sourceTree = "<group>"; };
		66DEA96F25407194007C71D8 /* Assets.xcassets */ = {isa = PBXFileReference; lastKnownFileType = folder.assetcatalog; path = Assets.xcassets; sourceTree = "<group>"; };
		66DEA97225407194007C71D8 /* Base */ = {isa = PBXFileReference; lastKnownFileType = file.storyboard; name = Base; path = Base.lproj/LaunchScreen.storyboard; sourceTree = "<group>"; };
		66DEA97425407194007C71D8 /* Info.plist */ = {isa = PBXFileReference; lastKnownFileType = text.plist.xml; path = Info.plist; sourceTree = "<group>"; };
		66DEA97F25407487007C71D8 /* HomeViewController.swift */ = {isa = PBXFileReference; lastKnownFileType = sourcecode.swift; path = HomeViewController.swift; sourceTree = "<group>"; };
		66DEA98125407495007C71D8 /* SettingViewController.swift */ = {isa = PBXFileReference; lastKnownFileType = sourcecode.swift; path = SettingViewController.swift; sourceTree = "<group>"; };
		66DEA9862540792B007C71D8 /* LoginViewController.swift */ = {isa = PBXFileReference; lastKnownFileType = sourcecode.swift; path = LoginViewController.swift; sourceTree = "<group>"; };
		66DEA98825407D22007C71D8 /* LoginViewModel.swift */ = {isa = PBXFileReference; lastKnownFileType = sourcecode.swift; path = LoginViewModel.swift; sourceTree = "<group>"; };
/* End PBXFileReference section */

/* Begin PBXFrameworksBuildPhase section */
		66DEA96025407191007C71D8 /* Frameworks */ = {
			isa = PBXFrameworksBuildPhase;
			buildActionMask = 2147483647;
			files = (
				66B6C93D2540959D0035F2E6 /* KeychainSwift in Frameworks */,
				66B6C94025409A110035F2E6 /* Alamofire in Frameworks */,
			);
			runOnlyForDeploymentPostprocessing = 0;
		};
/* End PBXFrameworksBuildPhase section */

/* Begin PBXGroup section */
		66DEA95A25407191007C71D8 = {
			isa = PBXGroup;
			children = (
				66DEA96525407191007C71D8 /* Test */,
				66DEA96425407191007C71D8 /* Products */,
			);
			sourceTree = "<group>";
		};
		66DEA96425407191007C71D8 /* Products */ = {
			isa = PBXGroup;
			children = (
				66DEA96325407191007C71D8 /* Test.app */,
			);
			name = Products;
			sourceTree = "<group>";
		};
		66DEA96525407191007C71D8 /* Test */ = {
			isa = PBXGroup;
			children = (
				66DEA97A2540743D007C71D8 /* AppDelegate */,
				66DEA97C2540745C007C71D8 /* Model */,
				66DEA97D25407461007C71D8 /* View */,
				66DEA97E25407465007C71D8 /* ViewModel */,
				66DEA97B25407446007C71D8 /* Resources */,
				66DEA97425407194007C71D8 /* Info.plist */,
			);
			path = Test;
			sourceTree = "<group>";
		};
		66DEA97A2540743D007C71D8 /* AppDelegate */ = {
			isa = PBXGroup;
			children = (
				66DEA96625407191007C71D8 /* AppDelegate.swift */,
			);
			path = AppDelegate;
			sourceTree = "<group>";
		};
		66DEA97B25407446007C71D8 /* Resources */ = {
			isa = PBXGroup;
			children = (
				66DEA96F25407194007C71D8 /* Assets.xcassets */,
				66DEA97125407194007C71D8 /* LaunchScreen.storyboard */,
			);
			path = Resources;
			sourceTree = "<group>";
		};
		66DEA97C2540745C007C71D8 /* Model */ = {
			isa = PBXGroup;
			children = (
				66B6C939254092490035F2E6 /* DataManager.swift */,
			);
			path = Model;
			sourceTree = "<group>";
		};
		66DEA97D25407461007C71D8 /* View */ = {
			isa = PBXGroup;
			children = (
				66DEA97F25407487007C71D8 /* HomeViewController.swift */,
				66DEA98125407495007C71D8 /* SettingViewController.swift */,
				66DEA9862540792B007C71D8 /* LoginViewController.swift */,
			);
			path = View;
			sourceTree = "<group>";
		};
		66DEA97E25407465007C71D8 /* ViewModel */ = {
			isa = PBXGroup;
			children = (
				66DEA98825407D22007C71D8 /* LoginViewModel.swift */,
			);
			path = ViewModel;
			sourceTree = "<group>";
		};
/* End PBXGroup section */

/* Begin PBXNativeTarget section */
		66DEA96225407191007C71D8 /* Test */ = {
			isa = PBXNativeTarget;
			buildConfigurationList = 66DEA97725407194007C71D8 /* Build configuration list for PBXNativeTarget "Test" */;
			buildPhases = (
				66DEA95F25407191007C71D8 /* Sources */,
				66DEA96025407191007C71D8 /* Frameworks */,
				66DEA96125407191007C71D8 /* Resources */,
			);
			buildRules = (
			);
			dependencies = (
			);
			name = Test;
			packageProductDependencies = (
				66B6C93C2540959D0035F2E6 /* KeychainSwift */,
				66B6C93F25409A110035F2E6 /* Alamofire */,
			);
			productName = Test;
			productReference = 66DEA96325407191007C71D8 /* Test.app */;
			productType = "com.apple.product-type.application";
		};
/* End PBXNativeTarget section */

/* Begin PBXProject section */
		66DEA95B25407191007C71D8 /* Project object */ = {
			isa = PBXProject;
			attributes = {
				LastSwiftUpdateCheck = 1130;
				LastUpgradeCheck = 1130;
				ORGANIZATIONNAME = "Nguyễn Hải Âu";
				TargetAttributes = {
					66DEA96225407191007C71D8 = {
						CreatedOnToolsVersion = 11.3.1;
					};
				};
			};
			buildConfigurationList = 66DEA95E25407191007C71D8 /* Build configuration list for PBXProject "Test" */;
			compatibilityVersion = "Xcode 9.3";
			developmentRegion = en;
			hasScannedForEncodings = 0;
			knownRegions = (
				en,
				Base,
			);
			mainGroup = 66DEA95A25407191007C71D8;
			packageReferences = (
				66B6C93B2540959D0035F2E6 /* XCRemoteSwiftPackageReference "keychain-swift" */,
				66B6C93E25409A110035F2E6 /* XCRemoteSwiftPackageReference "Alamofire" */,
			);
			productRefGroup = 66DEA96425407191007C71D8 /* Products */;
			projectDirPath = "";
			projectRoot = "";
			targets = (
				66DEA96225407191007C71D8 /* Test */,
			);
		};
/* End PBXProject section */

/* Begin PBXResourcesBuildPhase section */
		66DEA96125407191007C71D8 /* Resources */ = {
			isa = PBXResourcesBuildPhase;
			buildActionMask = 2147483647;
			files = (
				66DEA97325407194007C71D8 /* LaunchScreen.storyboard in Resources */,
				66DEA97025407194007C71D8 /* Assets.xcassets in Resources */,
			);
			runOnlyForDeploymentPostprocessing = 0;
		};
/* End PBXResourcesBuildPhase section */

/* Begin PBXSourcesBuildPhase section */
		66DEA95F25407191007C71D8 /* Sources */ = {
			isa = PBXSourcesBuildPhase;
			buildActionMask = 2147483647;
			files = (
				66DEA9872540792B007C71D8 /* LoginViewController.swift in Sources */,
				66B6C93A254092490035F2E6 /* DataManager.swift in Sources */,
				66DEA96725407191007C71D8 /* AppDelegate.swift in Sources */,
				66DEA98025407487007C71D8 /* HomeViewController.swift in Sources */,
				66DEA98925407D22007C71D8 /* LoginViewModel.swift in Sources */,
				66DEA98225407495007C71D8 /* SettingViewController.swift in Sources */,
			);
			runOnlyForDeploymentPostprocessing = 0;
		};
/* End PBXSourcesBuildPhase section */

/* Begin PBXVariantGroup section */
		66DEA97125407194007C71D8 /* LaunchScreen.storyboard */ = {
			isa = PBXVariantGroup;
			children = (
				66DEA97225407194007C71D8 /* Base */,
			);
			name = LaunchScreen.storyboard;
			sourceTree = "<group>";
		};
/* End PBXVariantGroup section */

/* Begin XCBuildConfiguration section */
		66DEA97525407194007C71D8 /* Debug */ = {
			isa = XCBuildConfiguration;
			buildSettings = {
				ALWAYS_SEARCH_USER_PATHS = NO;
				CLANG_ANALYZER_NONNULL = YES;
				CLANG_ANALYZER_NUMBER_OBJECT_CONVERSION = YES_AGGRESSIVE;
				CLANG_CXX_LANGUAGE_STANDARD = "gnu++14";
				CLANG_CXX_LIBRARY = "libc++";
				CLANG_ENABLE_MODULES = YES;
				CLANG_ENABLE_OBJC_ARC = YES;
				CLANG_ENABLE_OBJC_WEAK = YES;
				CLANG_WARN_BLOCK_CAPTURE_AUTORELEASING = YES;
				CLANG_WARN_BOOL_CONVERSION = YES;
				CLANG_WARN_COMMA = YES;
				CLANG_WARN_CONSTANT_CONVERSION = YES;
				CLANG_WARN_DEPRECATED_OBJC_IMPLEMENTATIONS = YES;
				CLANG_WARN_DIRECT_OBJC_ISA_USAGE = YES_ERROR;
				CLANG_WARN_DOCUMENTATION_COMMENTS = YES;
				CLANG_WARN_EMPTY_BODY = YES;
				CLANG_WARN_ENUM_CONVERSION = YES;
				CLANG_WARN_INFINITE_RECURSION = YES;
				CLANG_WARN_INT_CONVERSION = YES;
				CLANG_WARN_NON_LITERAL_NULL_CONVERSION = YES;
				CLANG_WARN_OBJC_IMPLICIT_RETAIN_SELF = YES;
				CLANG_WARN_OBJC_LITERAL_CONVERSION = YES;
				CLANG_WARN_OBJC_ROOT_CLASS = YES_ERROR;
				CLANG_WARN_RANGE_LOOP_ANALYSIS = YES;
				CLANG_WARN_STRICT_PROTOTYPES = YES;
				CLANG_WARN_SUSPICIOUS_MOVE = YES;
				CLANG_WARN_UNGUARDED_AVAILABILITY = YES_AGGRESSIVE;
				CLANG_WARN_UNREACHABLE_CODE = YES;
				CLANG_WARN__DUPLICATE_METHOD_MATCH = YES;
				COPY_PHASE_STRIP = NO;
				DEBUG_INFORMATION_FORMAT = dwarf;
				ENABLE_STRICT_OBJC_MSGSEND = YES;
				ENABLE_TESTABILITY = YES;
				GCC_C_LANGUAGE_STANDARD = gnu11;
				GCC_DYNAMIC_NO_PIC = NO;
				GCC_NO_COMMON_BLOCKS = YES;
				GCC_OPTIMIZATION_LEVEL = 0;
				GCC_PREPROCESSOR_DEFINITIONS = (
					"DEBUG=1",
					"$(inherited)",
				);
				GCC_WARN_64_TO_32_BIT_CONVERSION = YES;
				GCC_WARN_ABOUT_RETURN_TYPE = YES_ERROR;
				GCC_WARN_UNDECLARED_SELECTOR = YES;
				GCC_WARN_UNINITIALIZED_AUTOS = YES_AGGRESSIVE;
				GCC_WARN_UNUSED_FUNCTION = YES;
				GCC_WARN_UNUSED_VARIABLE = YES;
				IPHONEOS_DEPLOYMENT_TARGET = 13.2;
				MTL_ENABLE_DEBUG_INFO = INCLUDE_SOURCE;
				MTL_FAST_MATH = YES;
				ONLY_ACTIVE_ARCH = YES;
				SDKROOT = iphoneos;
				SWIFT_ACTIVE_COMPILATION_CONDITIONS = DEBUG;
				SWIFT_OPTIMIZATION_LEVEL = "-Onone";
			};
			name = Debug;
		};
		66DEA97625407194007C71D8 /* Release */ = {
			isa = XCBuildConfiguration;
			buildSettings = {
				ALWAYS_SEARCH_USER_PATHS = NO;
				CLANG_ANALYZER_NONNULL = YES;
				CLANG_ANALYZER_NUMBER_OBJECT_CONVERSION = YES_AGGRESSIVE;
				CLANG_CXX_LANGUAGE_STANDARD = "gnu++14";
				CLANG_CXX_LIBRARY = "libc++";
				CLANG_ENABLE_MODULES = YES;
				CLANG_ENABLE_OBJC_ARC = YES;
				CLANG_ENABLE_OBJC_WEAK = YES;
				CLANG_WARN_BLOCK_CAPTURE_AUTORELEASING = YES;
				CLANG_WARN_BOOL_CONVERSION = YES;
				CLANG_WARN_COMMA = YES;
				CLANG_WARN_CONSTANT_CONVERSION = YES;
				CLANG_WARN_DEPRECATED_OBJC_IMPLEMENTATIONS = YES;
				CLANG_WARN_DIRECT_OBJC_ISA_USAGE = YES_ERROR;
				CLANG_WARN_DOCUMENTATION_COMMENTS = YES;
				CLANG_WARN_EMPTY_BODY = YES;
				CLANG_WARN_ENUM_CONVERSION = YES;
				CLANG_WARN_INFINITE_RECURSION = YES;
				CLANG_WARN_INT_CONVERSION = YES;
				CLANG_WARN_NON_LITERAL_NULL_CONVERSION = YES;
				CLANG_WARN_OBJC_IMPLICIT_RETAIN_SELF = YES;
				CLANG_WARN_OBJC_LITERAL_CONVERSION = YES;
				CLANG_WARN_OBJC_ROOT_CLASS = YES_ERROR;
				CLANG_WARN_RANGE_LOOP_ANALYSIS = YES;
				CLANG_WARN_STRICT_PROTOTYPES = YES;
				CLANG_WARN_SUSPICIOUS_MOVE = YES;
				CLANG_WARN_UNGUARDED_AVAILABILITY = YES_AGGRESSIVE;
				CLANG_WARN_UNREACHABLE_CODE = YES;
				CLANG_WARN__DUPLICATE_METHOD_MATCH = YES;
				COPY_PHASE_STRIP = NO;
				DEBUG_INFORMATION_FORMAT = "dwarf-with-dsym";
				ENABLE_NS_ASSERTIONS = NO;
				ENABLE_STRICT_OBJC_MSGSEND = YES;
				GCC_C_LANGUAGE_STANDARD = gnu11;
				GCC_NO_COMMON_BLOCKS = YES;
				GCC_WARN_64_TO_32_BIT_CONVERSION = YES;
				GCC_WARN_ABOUT_RETURN_TYPE = YES_ERROR;
				GCC_WARN_UNDECLARED_SELECTOR = YES;
				GCC_WARN_UNINITIALIZED_AUTOS = YES_AGGRESSIVE;
				GCC_WARN_UNUSED_FUNCTION = YES;
				GCC_WARN_UNUSED_VARIABLE = YES;
				IPHONEOS_DEPLOYMENT_TARGET = 13.2;
				MTL_ENABLE_DEBUG_INFO = NO;
				MTL_FAST_MATH = YES;
				SDKROOT = iphoneos;
				SWIFT_COMPILATION_MODE = wholemodule;
				SWIFT_OPTIMIZATION_LEVEL = "-O";
				VALIDATE_PRODUCT = YES;
			};
			name = Release;
		};
		66DEA97825407194007C71D8 /* Debug */ = {
			isa = XCBuildConfiguration;
			buildSettings = {
				ASSETCATALOG_COMPILER_APPICON_NAME = AppIcon;
				CODE_SIGN_STYLE = Automatic;
				DEVELOPMENT_TEAM = 6R9NGQS38Q;
				INFOPLIST_FILE = Test/Info.plist;
				LD_RUNPATH_SEARCH_PATHS = (
					"$(inherited)",
					"@executable_path/Frameworks",
				);
				PRODUCT_BUNDLE_IDENTIFIER = com.nguyenhaiau.Test;
				PRODUCT_NAME = "$(TARGET_NAME)";
				SWIFT_VERSION = 5.0;
				TARGETED_DEVICE_FAMILY = "1,2";
			};
			name = Debug;
		};
		66DEA97925407194007C71D8 /* Release */ = {
			isa = XCBuildConfiguration;
			buildSettings = {
				ASSETCATALOG_COMPILER_APPICON_NAME = AppIcon;
				CODE_SIGN_STYLE = Automatic;
				DEVELOPMENT_TEAM = 6R9NGQS38Q;
				INFOPLIST_FILE = Test/Info.plist;
				LD_RUNPATH_SEARCH_PATHS = (
					"$(inherited)",
					"@executable_path/Frameworks",
				);
				PRODUCT_BUNDLE_IDENTIFIER = com.nguyenhaiau.Test;
				PRODUCT_NAME = "$(TARGET_NAME)";
				SWIFT_VERSION = 5.0;
				TARGETED_DEVICE_FAMILY = "1,2";
			};
			name = Release;
		};
/* End XCBuildConfiguration section */

/* Begin XCConfigurationList section */
		66DEA95E25407191007C71D8 /* Build configuration list for PBXProject "Test" */ = {
			isa = XCConfigurationList;
			buildConfigurations = (
				66DEA97525407194007C71D8 /* Debug */,
				66DEA97625407194007C71D8 /* Release */,
			);
			defaultConfigurationIsVisible = 0;
			defaultConfigurationName = Release;
		};
		66DEA97725407194007C71D8 /* Build configuration list for PBXNativeTarget "Test" */ = {
			isa = XCConfigurationList;
			buildConfigurations = (
				66DEA97825407194007C71D8 /* Debug */,
				66DEA97925407194007C71D8 /* Release */,
			);
			defaultConfigurationIsVisible = 0;
			defaultConfigurationName = Release;
		};
/* End XCConfigurationList section */

/* Begin XCRemoteSwiftPackageReference section */
		66B6C93B2540959D0035F2E6 /* XCRemoteSwiftPackageReference "keychain-swift" */ = {
			isa = XCRemoteSwiftPackageReference;
			repositoryURL = "https://github.com/evgenyneu/keychain-swift.git";
			requirement = {
				kind = upToNextMajorVersion;
				minimumVersion = 19.0.0;
			};
		};
		66B6C93E25409A110035F2E6 /* XCRemoteSwiftPackageReference "Alamofire" */ = {
			isa = XCRemoteSwiftPackageReference;
			repositoryURL = "https://github.com/Alamofire/Alamofire.git";
			requirement = {
				kind = upToNextMajorVersion;
				minimumVersion = 5.3.0;
			};
		};
/* End XCRemoteSwiftPackageReference section */

/* Begin XCSwiftPackageProductDependency section */
		66B6C93C2540959D0035F2E6 /* KeychainSwift */ = {
			isa = XCSwiftPackageProductDependency;
			package = 66B6C93B2540959D0035F2E6 /* XCRemoteSwiftPackageReference "keychain-swift" */;
			productName = KeychainSwift;
		};
		66B6C93F25409A110035F2E6 /* Alamofire */ = {
			isa = XCSwiftPackageProductDependency;
			package = 66B6C93E25409A110035F2E6 /* XCRemoteSwiftPackageReference "Alamofire" */;
			productName = Alamofire;
		};
/* End XCSwiftPackageProductDependency section */
	};
	rootObject = 66DEA95B25407191007C71D8 /* Project object */;
}
